github.com/alissongaliza/BlackjackInGo v0.0.0-20200509001018-dc35119aaffe h1:iLTM9sAYM/K9voKmVABhW4hHWPmXDk/TrQCt5dpLbec=
github.com/alissongaliza/BlackjackInGo v0.0.0-20200509001018-dc35119aaffe/go.mod h1:sEVuXUOCIKzZX8BoIfnjcf2RMYr72e6xKqQ6y8RaxrI=
github.com/alissongaliza/BlackjackInGo v0.0.0-20200509173710-28cf1df28ff1 h1:2v34MDhturt1qh+a2KGPPGKK9vHCDa5/bC5h/YSQna0=
github.com/alissongaliza/BlackjackInGo v0.0.0-20200509173710-28cf1df28ff1/go.mod h1:sEVuXUOCIKzZX8BoIfnjcf2RMYr72e6xKqQ6y8RaxrI=
github.com/fatih/color v1.9.0 h1:8xPHl4/q1VyqGIPif1F+1V3Y3lSmrq01EabUW3CoW5s=
github.com/fatih/color v1.9.0/go.mod h1:eQcE1qtQxscV5RaZvpXrrb8Drkc3/DdQ+uUYCNjL+zU=
github.com/githubnemo/CompileDaemon v1.0.0 h1:F4nrVyPOxva6gJIw320fwfaFaPl8ZuEk95RZOy9Q4eM=
github.com/githubnemo/CompileDaemon v1.0.0/go.mod h1:lE3EXX1td33uhlkFLp+ImWY9qBaoRcDeA3neh4m8ic0=
github.com/go-chi/chi v1.0.0 h1:s/kv1cTXfivYjdKJdyUzNGyAWZ/2t7duW1gKn5ivu+c=
github.com/go-chi/chi v4.1.0+incompatible h1:ETj3cggsVIY2Xao5ExCu6YhEh5MD6JTfcBzS37R260w=
github.com/go-chi/chi v4.1.0+incompatible/go.mod h1:eB3wogJHnLi3x/kFX2A+IbTBlXxmMeXJVKy9tTv1XzQ=
github.com/howeyc/fsnotify v0.9.0 h1:0gtV5JmOKH4A8SsFxG2BczSeXWWPvcMT0euZt5gDAxY=
github.com/howeyc/fsnotify v0.9.0/go.mod h1:41HzSPxBGeFRQKEEwgh49TRw/nKBsYZ2cF1OzPjSJsA=
github.com/mattn/go-colorable v0.1.4 h1:snbPLB8fVfU9iwbbo30TPtbLRzwWu6aJS6Xh4eaaviA=
github.com/mattn/go-colorable v0.1.4/go.mod h1:U0ppj6V5qS13XJ6of8GYAs25YV2eR4EVcfRqFIhoBtE=
github.com/mattn/go-isatty v0.0.8/go.mod h1:Iq45c/XA43vh69/j3iqttzPXn0bhXyGjM0Hdxcsrc5s=
github.com/mattn/go-isatty v0.0.11 h1:FxPOTFNqGkuDUGi3H/qkUbQO4ZiBa2brKq5r0l8TGeM=
github.com/mattn/go-isatty v0.0.11/go.mod h1:PhnuNfih5lzO57/f3n+odYbM4JtupLOxQOAqxQCu2WE=
golang.org/x/sys v0.0.0-20190222072716-a9d3bda3a223/go.mod h1:STP8DvDyc/dI5b8T5hshtkjS+E42TnysNCUPdjciGhY=
golang.org/x/sys v0.0.0-20191026070338-33540a1f6037 h1:YyJpGZS1sBuBCzLAR1VEpK193GlqGZbnPFnPV/5Rsb4=
golang.org/x/sys v0.0.0-20191026070338-33540a1f6037/go.mod h1:h1NjWce9XRLGQEsW7wpKNCjG9DtNlClVuFLEZdDNbEs=
