github.com/alissongaliza/BlackjackInGo v0.0.0-20200502012334-f3b7569ec10e h1:Fvi6KRuB27BwvoHfuhUREG8GshoyMJYdvWkNTrAZV1E=
github.com/alissongaliza/BlackjackInGo v0.0.0-20200502012334-f3b7569ec10e/go.mod h1:sEVuXUOCIKzZX8BoIfnjcf2RMYr72e6xKqQ6y8RaxrI=
github.com/alissongaliza/BlackjackInGo/backend v0.0.0-20200502012334-f3b7569ec10e h1:HqwojYZdj19qCbUi2qk8n056Ud4dL8RtzItoRIbxnvY=
github.com/alissongaliza/blackjackInGo v0.0.0-20200502012334-f3b7569ec10e h1:+yrlrPrD0C0UVXcRj9QbnoX+WpzjA8Fe3y64FpWFW7Y=
github.com/alissongaliza/blackjackInGo v0.0.0-20200502012334-f3b7569ec10e/go.mod h1:84BQv+AHSbrwWq6n92FRB6mGe+LA4hEOzt65PtVRqGU=
